
Microsoft Visual Studio Solution File, Format Version 11.00
# Visual Studio 2010
Project("{FAE04EC0-301F-11D3-BF4B-00C04F79EFBC}") = "Chocolatey Explorer", "Chocolatey Explorer.csproj", "{44D4BF09-B14F-4241-9CB7-02B26027F4AB}"
EndProject
Global
	GlobalSection(SolutionConfigurationPlatforms) = preSolution
		Debug|x86 = Debug|x86
		Release|x86 = Release|x86
	EndGlobalSection
	GlobalSection(ProjectConfigurationPlatforms) = postSolution
		{44D4BF09-B14F-4241-9CB7-02B26027F4AB}.Debug|x86.ActiveCfg = Debug|x86
		{44D4BF09-B14F-4241-9CB7-02B26027F4AB}.Debug|x86.Build.0 = Debug|x86
		{44D4BF09-B14F-4241-9CB7-02B26027F4AB}.Release|x86.ActiveCfg = Release|x86
		{44D4BF09-B14F-4241-9CB7-02B26027F4AB}.Release|x86.Build.0 = Release|x86
	EndGlobalSection
	GlobalSection(SolutionProperties) = preSolution
		HideSolutionNode = FALSE
	EndGlobalSection
EndGlobal
