
Microsoft Visual Studio Solution File, Format Version 12.00
# Visual Studio 2012
Project("{FAE04EC0-301F-11D3-BF4B-00C04F79EFBC}") = "Chocolatey.Explorer", "Chocolatey.Explorer.csproj", "{44D4BF09-B14F-4241-9CB7-02B26027F4AB}"
EndProject
Project("{FAE04EC0-301F-11D3-BF4B-00C04F79EFBC}") = "Chocolatey.Explorer.Test", "..\Chocolatey.Explorer.Test\Chocolatey.Explorer.Test.csproj", "{B48A48F5-9B8F-473E-80EB-4CBB8BBD91F6}"
EndProject
Project("{930C7802-8A8C-48F9-8165-68863BCCD9DD}") = "Setup_ChocolateyGUI", "..\Setup_ChocolateyGUI\Setup_ChocolateyGUI.wixproj", "{1772C1E5-8896-4E28-933A-9413EB588A82}"
EndProject
Project("{2150E333-8FDC-42A3-9474-1A3956D46DE8}") = ".nuget", ".nuget", "{0256ACD9-FC12-4C32-9795-5104410FAED0}"
	ProjectSection(SolutionItems) = preProject
		.nuget\packages.config = .nuget\packages.config
	EndProjectSection
EndProject
Global
	GlobalSection(SolutionConfigurationPlatforms) = preSolution
		Debug|Any CPU = Debug|Any CPU
		Debug|Mixed Platforms = Debug|Mixed Platforms
		Debug|x86 = Debug|x86
		Release|Any CPU = Release|Any CPU
		Release|Mixed Platforms = Release|Mixed Platforms
		Release|x86 = Release|x86
	EndGlobalSection
	GlobalSection(ProjectConfigurationPlatforms) = postSolution
		{44D4BF09-B14F-4241-9CB7-02B26027F4AB}.Debug|Any CPU.ActiveCfg = Debug|Any CPU
		{44D4BF09-B14F-4241-9CB7-02B26027F4AB}.Debug|Any CPU.Build.0 = Debug|Any CPU
		{44D4BF09-B14F-4241-9CB7-02B26027F4AB}.Debug|Mixed Platforms.ActiveCfg = Debug|Any CPU
		{44D4BF09-B14F-4241-9CB7-02B26027F4AB}.Debug|Mixed Platforms.Build.0 = Debug|Any CPU
		{44D4BF09-B14F-4241-9CB7-02B26027F4AB}.Debug|x86.ActiveCfg = Debug|x86
		{44D4BF09-B14F-4241-9CB7-02B26027F4AB}.Debug|x86.Build.0 = Debug|x86
		{44D4BF09-B14F-4241-9CB7-02B26027F4AB}.Release|Any CPU.ActiveCfg = Release|x86
		{44D4BF09-B14F-4241-9CB7-02B26027F4AB}.Release|Mixed Platforms.ActiveCfg = Release|x86
		{44D4BF09-B14F-4241-9CB7-02B26027F4AB}.Release|Mixed Platforms.Build.0 = Release|x86
		{44D4BF09-B14F-4241-9CB7-02B26027F4AB}.Release|x86.ActiveCfg = Release|x86
		{44D4BF09-B14F-4241-9CB7-02B26027F4AB}.Release|x86.Build.0 = Release|x86
		{B48A48F5-9B8F-473E-80EB-4CBB8BBD91F6}.Debug|Any CPU.ActiveCfg = Debug|Any CPU
		{B48A48F5-9B8F-473E-80EB-4CBB8BBD91F6}.Debug|Any CPU.Build.0 = Debug|Any CPU
		{B48A48F5-9B8F-473E-80EB-4CBB8BBD91F6}.Debug|Mixed Platforms.ActiveCfg = Debug|Any CPU
		{B48A48F5-9B8F-473E-80EB-4CBB8BBD91F6}.Debug|Mixed Platforms.Build.0 = Debug|Any CPU
		{B48A48F5-9B8F-473E-80EB-4CBB8BBD91F6}.Debug|x86.ActiveCfg = Debug|Any CPU
		{B48A48F5-9B8F-473E-80EB-4CBB8BBD91F6}.Release|Any CPU.ActiveCfg = Release|Any CPU
		{B48A48F5-9B8F-473E-80EB-4CBB8BBD91F6}.Release|Any CPU.Build.0 = Release|Any CPU
		{B48A48F5-9B8F-473E-80EB-4CBB8BBD91F6}.Release|Mixed Platforms.ActiveCfg = Release|x86
		{B48A48F5-9B8F-473E-80EB-4CBB8BBD91F6}.Release|Mixed Platforms.Build.0 = Release|x86
		{B48A48F5-9B8F-473E-80EB-4CBB8BBD91F6}.Release|x86.ActiveCfg = Release|Any CPU
		{1772C1E5-8896-4E28-933A-9413EB588A82}.Debug|Any CPU.ActiveCfg = Debug|x86
		{1772C1E5-8896-4E28-933A-9413EB588A82}.Debug|Mixed Platforms.ActiveCfg = Debug|x86
		{1772C1E5-8896-4E28-933A-9413EB588A82}.Debug|Mixed Platforms.Build.0 = Debug|x86
		{1772C1E5-8896-4E28-933A-9413EB588A82}.Debug|x86.ActiveCfg = Debug|x86
		{1772C1E5-8896-4E28-933A-9413EB588A82}.Debug|x86.Build.0 = Debug|x86
		{1772C1E5-8896-4E28-933A-9413EB588A82}.Release|Any CPU.ActiveCfg = Release|x86
		{1772C1E5-8896-4E28-933A-9413EB588A82}.Release|Mixed Platforms.ActiveCfg = Release|x86
		{1772C1E5-8896-4E28-933A-9413EB588A82}.Release|Mixed Platforms.Build.0 = Release|x86
		{1772C1E5-8896-4E28-933A-9413EB588A82}.Release|x86.ActiveCfg = Release|x86
		{1772C1E5-8896-4E28-933A-9413EB588A82}.Release|x86.Build.0 = Release|x86
	EndGlobalSection
	GlobalSection(SolutionProperties) = preSolution
		HideSolutionNode = FALSE
	EndGlobalSection
EndGlobal
