
Microsoft Visual Studio Solution File, Format Version 12.00
# Visual Studio Version 16
VisualStudioVersion = 16.0.31005.135
MinimumVisualStudioVersion = 10.0.40219.1
Project("{FAE04EC0-301F-11D3-BF4B-00C04F79EFBC}") = "ChocolateyGui", "ChocolateyGui\ChocolateyGui.csproj", "{851FC2F6-AFB0-4153-8520-BF68E1BEA3CB}"
EndProject
Project("{930C7802-8A8C-48F9-8165-68863BCCD9DD}") = "ChocolateyGui.Install", "ChocolateyGui.Install\ChocolateyGui.Install.wixproj", "{411C7212-286F-4F26-994A-568E943D0E60}"
EndProject
Project("{2150E333-8FDC-42A3-9474-1A3956D46DE8}") = "Build", "Build", "{C6760D8F-E01B-4F26-9B0C-4E2D825509D2}"
	ProjectSection(SolutionItems) = preProject
		..\.editorconfig = ..\.editorconfig
		..\appveyor.yml = ..\appveyor.yml
		..\nuspec\chocolatey\ChocolateyGUI.nuspec = ..\nuspec\chocolatey\ChocolateyGUI.nuspec
		..\nuspec\chocolatey\chocolateyInstall.ps1 = ..\nuspec\chocolatey\chocolateyInstall.ps1
		..\nuspec\chocolatey\chocolateyUninstall.ps1 = ..\nuspec\chocolatey\chocolateyUninstall.ps1
		..\GitHubReleaseManager.yaml = ..\GitHubReleaseManager.yaml
		..\nuspec\chocolatey\helper.ps1 = ..\nuspec\chocolatey\helper.ps1
		..\recipe.cake = ..\recipe.cake
		..\nuspec\chocolatey\VERIFICATION.txt = ..\nuspec\chocolatey\VERIFICATION.txt
	EndProjectSection
EndProject
Project("{FAE04EC0-301F-11D3-BF4B-00C04F79EFBC}") = "ChocolateyGuiCli", "ChocolateyGuiCli\ChocolateyGuiCli.csproj", "{C69DCF4D-F412-4344-83CD-26A46D515DF2}"
EndProject
Project("{FAE04EC0-301F-11D3-BF4B-00C04F79EFBC}") = "ChocolateyGui.Common", "ChocolateyGui.Common\ChocolateyGui.Common.csproj", "{A3A40034-4E31-4D05-832A-351C416DCCBB}"
EndProject
Project("{FAE04EC0-301F-11D3-BF4B-00C04F79EFBC}") = "ChocolateyGui.Common.Windows", "ChocolateyGui.Common.Windows\ChocolateyGui.Common.Windows.csproj", "{4C2E05FE-3F4D-40BE-873C-5D07C8729741}"
EndProject
Global
	GlobalSection(SolutionConfigurationPlatforms) = preSolution
		Debug|Any CPU = Debug|Any CPU
		Debug|x86 = Debug|x86
		Release|Any CPU = Release|Any CPU
		Release|x86 = Release|x86
		ReleaseOfficial|Any CPU = ReleaseOfficial|Any CPU
		ReleaseOfficial|x86 = ReleaseOfficial|x86
		WIX|Any CPU = WIX|Any CPU
		WIX|x86 = WIX|x86
	EndGlobalSection
	GlobalSection(ProjectConfigurationPlatforms) = postSolution
		{851FC2F6-AFB0-4153-8520-BF68E1BEA3CB}.Debug|Any CPU.ActiveCfg = Debug|Any CPU
		{851FC2F6-AFB0-4153-8520-BF68E1BEA3CB}.Debug|Any CPU.Build.0 = Debug|Any CPU
		{851FC2F6-AFB0-4153-8520-BF68E1BEA3CB}.Debug|x86.ActiveCfg = Debug|x86
		{851FC2F6-AFB0-4153-8520-BF68E1BEA3CB}.Debug|x86.Build.0 = Debug|x86
		{851FC2F6-AFB0-4153-8520-BF68E1BEA3CB}.Release|Any CPU.ActiveCfg = Release|Any CPU
		{851FC2F6-AFB0-4153-8520-BF68E1BEA3CB}.Release|Any CPU.Build.0 = Release|Any CPU
		{851FC2F6-AFB0-4153-8520-BF68E1BEA3CB}.Release|x86.ActiveCfg = Release|x86
		{851FC2F6-AFB0-4153-8520-BF68E1BEA3CB}.Release|x86.Build.0 = Release|x86
		{851FC2F6-AFB0-4153-8520-BF68E1BEA3CB}.ReleaseOfficial|Any CPU.ActiveCfg = ReleaseOfficial|Any CPU
		{851FC2F6-AFB0-4153-8520-BF68E1BEA3CB}.ReleaseOfficial|Any CPU.Build.0 = ReleaseOfficial|Any CPU
		{851FC2F6-AFB0-4153-8520-BF68E1BEA3CB}.ReleaseOfficial|x86.ActiveCfg = ReleaseOfficial|x86
		{851FC2F6-AFB0-4153-8520-BF68E1BEA3CB}.ReleaseOfficial|x86.Build.0 = ReleaseOfficial|x86
		{851FC2F6-AFB0-4153-8520-BF68E1BEA3CB}.WIX|Any CPU.ActiveCfg = Release|Any CPU
		{851FC2F6-AFB0-4153-8520-BF68E1BEA3CB}.WIX|x86.ActiveCfg = Release|Any CPU
		{411C7212-286F-4F26-994A-568E943D0E60}.Debug|Any CPU.ActiveCfg = Debug|x86
		{411C7212-286F-4F26-994A-568E943D0E60}.Debug|x86.ActiveCfg = Debug|x86
		{411C7212-286F-4F26-994A-568E943D0E60}.Release|Any CPU.ActiveCfg = Release|x86
		{411C7212-286F-4F26-994A-568E943D0E60}.Release|x86.ActiveCfg = Release|x86
		{411C7212-286F-4F26-994A-568E943D0E60}.ReleaseOfficial|Any CPU.ActiveCfg = Release|x86
		{411C7212-286F-4F26-994A-568E943D0E60}.ReleaseOfficial|x86.ActiveCfg = Release|x86
		{411C7212-286F-4F26-994A-568E943D0E60}.WIX|Any CPU.ActiveCfg = Release|x86
		{411C7212-286F-4F26-994A-568E943D0E60}.WIX|Any CPU.Build.0 = Release|x86
		{411C7212-286F-4F26-994A-568E943D0E60}.WIX|x86.ActiveCfg = Release|x86
		{411C7212-286F-4F26-994A-568E943D0E60}.WIX|x86.Build.0 = Release|x86
		{C69DCF4D-F412-4344-83CD-26A46D515DF2}.Debug|Any CPU.ActiveCfg = Debug|Any CPU
		{C69DCF4D-F412-4344-83CD-26A46D515DF2}.Debug|Any CPU.Build.0 = Debug|Any CPU
		{C69DCF4D-F412-4344-83CD-26A46D515DF2}.Debug|x86.ActiveCfg = Debug|Any CPU
		{C69DCF4D-F412-4344-83CD-26A46D515DF2}.Debug|x86.Build.0 = Debug|Any CPU
		{C69DCF4D-F412-4344-83CD-26A46D515DF2}.Release|Any CPU.ActiveCfg = Release|Any CPU
		{C69DCF4D-F412-4344-83CD-26A46D515DF2}.Release|Any CPU.Build.0 = Release|Any CPU
		{C69DCF4D-F412-4344-83CD-26A46D515DF2}.Release|x86.ActiveCfg = Release|Any CPU
		{C69DCF4D-F412-4344-83CD-26A46D515DF2}.Release|x86.Build.0 = Release|Any CPU
		{C69DCF4D-F412-4344-83CD-26A46D515DF2}.ReleaseOfficial|Any CPU.ActiveCfg = ReleaseOfficial|Any CPU
		{C69DCF4D-F412-4344-83CD-26A46D515DF2}.ReleaseOfficial|Any CPU.Build.0 = ReleaseOfficial|Any CPU
		{C69DCF4D-F412-4344-83CD-26A46D515DF2}.ReleaseOfficial|x86.ActiveCfg = ReleaseOfficial|Any CPU
		{C69DCF4D-F412-4344-83CD-26A46D515DF2}.ReleaseOfficial|x86.Build.0 = ReleaseOfficial|Any CPU
		{C69DCF4D-F412-4344-83CD-26A46D515DF2}.WIX|Any CPU.ActiveCfg = Release|Any CPU
		{C69DCF4D-F412-4344-83CD-26A46D515DF2}.WIX|x86.ActiveCfg = Release|Any CPU
		{A3A40034-4E31-4D05-832A-351C416DCCBB}.Debug|Any CPU.ActiveCfg = Debug|Any CPU
		{A3A40034-4E31-4D05-832A-351C416DCCBB}.Debug|Any CPU.Build.0 = Debug|Any CPU
		{A3A40034-4E31-4D05-832A-351C416DCCBB}.Debug|x86.ActiveCfg = Debug|Any CPU
		{A3A40034-4E31-4D05-832A-351C416DCCBB}.Debug|x86.Build.0 = Debug|Any CPU
		{A3A40034-4E31-4D05-832A-351C416DCCBB}.Release|Any CPU.ActiveCfg = Release|Any CPU
		{A3A40034-4E31-4D05-832A-351C416DCCBB}.Release|Any CPU.Build.0 = Release|Any CPU
		{A3A40034-4E31-4D05-832A-351C416DCCBB}.Release|x86.ActiveCfg = Release|Any CPU
		{A3A40034-4E31-4D05-832A-351C416DCCBB}.Release|x86.Build.0 = Release|Any CPU
		{A3A40034-4E31-4D05-832A-351C416DCCBB}.ReleaseOfficial|Any CPU.ActiveCfg = ReleaseOfficial|Any CPU
		{A3A40034-4E31-4D05-832A-351C416DCCBB}.ReleaseOfficial|Any CPU.Build.0 = ReleaseOfficial|Any CPU
		{A3A40034-4E31-4D05-832A-351C416DCCBB}.ReleaseOfficial|x86.ActiveCfg = ReleaseOfficial|Any CPU
		{A3A40034-4E31-4D05-832A-351C416DCCBB}.ReleaseOfficial|x86.Build.0 = ReleaseOfficial|Any CPU
		{A3A40034-4E31-4D05-832A-351C416DCCBB}.WIX|Any CPU.ActiveCfg = Release|Any CPU
		{A3A40034-4E31-4D05-832A-351C416DCCBB}.WIX|x86.ActiveCfg = Release|Any CPU
		{4C2E05FE-3F4D-40BE-873C-5D07C8729741}.Debug|Any CPU.ActiveCfg = Debug|Any CPU
		{4C2E05FE-3F4D-40BE-873C-5D07C8729741}.Debug|Any CPU.Build.0 = Debug|Any CPU
		{4C2E05FE-3F4D-40BE-873C-5D07C8729741}.Debug|x86.ActiveCfg = Debug|Any CPU
		{4C2E05FE-3F4D-40BE-873C-5D07C8729741}.Debug|x86.Build.0 = Debug|Any CPU
		{4C2E05FE-3F4D-40BE-873C-5D07C8729741}.Release|Any CPU.ActiveCfg = Release|Any CPU
		{4C2E05FE-3F4D-40BE-873C-5D07C8729741}.Release|Any CPU.Build.0 = Release|Any CPU
		{4C2E05FE-3F4D-40BE-873C-5D07C8729741}.Release|x86.ActiveCfg = Release|Any CPU
		{4C2E05FE-3F4D-40BE-873C-5D07C8729741}.Release|x86.Build.0 = Release|Any CPU
		{4C2E05FE-3F4D-40BE-873C-5D07C8729741}.ReleaseOfficial|Any CPU.ActiveCfg = ReleaseOfficial|Any CPU
		{4C2E05FE-3F4D-40BE-873C-5D07C8729741}.ReleaseOfficial|Any CPU.Build.0 = ReleaseOfficial|Any CPU
		{4C2E05FE-3F4D-40BE-873C-5D07C8729741}.ReleaseOfficial|x86.ActiveCfg = ReleaseOfficial|Any CPU
		{4C2E05FE-3F4D-40BE-873C-5D07C8729741}.ReleaseOfficial|x86.Build.0 = ReleaseOfficial|Any CPU
		{4C2E05FE-3F4D-40BE-873C-5D07C8729741}.WIX|Any CPU.ActiveCfg = Release|Any CPU
		{4C2E05FE-3F4D-40BE-873C-5D07C8729741}.WIX|x86.ActiveCfg = Release|Any CPU
	EndGlobalSection
	GlobalSection(SolutionProperties) = preSolution
		HideSolutionNode = FALSE
	EndGlobalSection
	GlobalSection(ExtensibilityGlobals) = postSolution
		SolutionGuid = {0DAE54C5-B74A-4794-8331-7E144197DBD5}
	EndGlobalSection
EndGlobal
